{
  "name": "gitguardex-pr-lens-contract",
  "lockfileVersion": 3,
  "requires": true,
  "packages": {
    "": {
      "dependencies": {
        "@coldtea/pr-lens-cli": "0.6.1"
      },
      "name": "gitguardex-pr-lens-contract"
    },
    "node_modules/@coldtea/pr-lens-cli": {
      "version": "0.6.1",
      "resolved": "https://registry.npmjs.org/@coldtea/pr-lens-cli/-/pr-lens-cli-0.6.1.tgz",
      "integrity": "sha512-Auuv3KWJ3ggj0im9vZVDalx8/KgXe+qiNEFUSdZqyhyfJ27g5x+RYQh/lks0BUywa4o2N9VF/S0vYFwQRpMzow==",
      "license": "MIT",
      "dependencies": {
        "@coldtea/pr-lens-renderer": "^0.2.5",
        "@coldtea/pr-lens-schema": "^0.3.0",
        "yaml": "^2.8.1",
        "zod": "^4.4.3"
      },
      "bin": {
        "pr-lens": "dist/bin.js"
      },
      "engines": {
        "node": ">=20.11"
      }
    },
    "node_modules/@coldtea/pr-lens-renderer": {
      "version": "0.2.5",
      "resolved": "https://registry.npmjs.org/@coldtea/pr-lens-renderer/-/pr-lens-renderer-0.2.5.tgz",
      "integrity": "sha512-E/dfRW6WClGu8w2Fr2NGfw+KyXBj09D54CyX41y3+oyMKORo5wxVMKAmo8Yoqq85bMLO8uIDJWfkVX7mYe22/Q==",
      "license": "MIT",
      "dependencies": {
        "@coldtea/pr-lens-schema": "0.3.0"
      },
      "engines": {
        "node": ">=20.11"
      }
    },
    "node_modules/@coldtea/pr-lens-schema": {
      "version": "0.3.0",
      "resolved": "https://registry.npmjs.org/@coldtea/pr-lens-schema/-/pr-lens-schema-0.3.0.tgz",
      "integrity": "sha512-9DXHnw/3KBjNgWWIVMUt/uM0M3GsqP1RoaiZLJsHHSJJYMXbVSVdW5fPc0o60b4oUM6MI7yq9nD7yJ/WGg9yZQ==",
      "license": "MIT",
      "dependencies": {
        "zod": "^4.4.3"
      },
      "engines": {
        "node": ">=20.11"
      }
    },
    "node_modules/yaml": {
      "version": "2.9.1",
      "resolved": "https://registry.npmjs.org/yaml/-/yaml-2.9.1.tgz",
      "integrity": "sha512-3NxN8+78OdzbT7C/WjGsyfPAtJaN3FNDsWxv7Y7mcDsT/oOmgW8BpyQQFFBnvZE3j9Y2Sdz1ULFLezL7Eb2yFw==",
      "license": "ISC",
      "bin": {
        "yaml": "bin.mjs"
      },
      "engines": {
        "node": ">= 14.6"
      },
      "funding": {
        "url": "https://github.com/sponsors/eemeli"
      }
    },
    "node_modules/zod": {
      "version": "4.6.5",
      "resolved": "https://registry.npmjs.org/zod/-/zod-4.6.5.tgz",
      "integrity": "sha512-v5l/aFXZQeai4awLbOpSoHecE9UiMrnfx75tEXLjNonXVARxQ5mOeipTjROUchszUNCqnE+hqAMujRsRHsut2Q==",
      "license": "MIT",
      "funding": {
        "url": "https://github.com/sponsors/colinhacks"
      }
    }
  }
}
